[[package]]
name = "cryptography"
version = "46.0.4"
description = "cryptography is a package which provides cryptographic recipes and primitives to Python developers."
category = "main"
optional = false
python-versions = "!=3.9.0,!=3.9.1,>=3.8"

[package.dependencies]
cffi = ">=2.0.0"
typing-extensions = ">=4.13.2"
bcrypt = ">=3.1.5"
nox = "[uv]>=2024.4.15"
cryptography-vectors = "==46.0.4"
pytest = ">=7.4.0"
pytest-benchmark = ">=4.0"
pytest-cov = ">=2.10.1"
pytest-xdist = ">=3.5.0"
pretend = ">=0.7"
certifi = ">=2024"
pytest-randomly = "*"
sphinx = ">=5.3.0"
sphinx-rtd-theme = ">=3.0.0"
sphinx-inline-tabs = "*"
pyenchant = ">=3"
readme-renderer = ">=30.0"
sphinxcontrib-spelling = ">=7.3.1"
build = ">=1.0.0"
ruff = ">=0.11.11"
mypy = ">=1.14"
check-sdist = "*"
click = ">=8.0.1"

[package.files]
cryptography = [
    {file = "cryptography-46.0.4-cp311-abi3-macosx_10_9_universal2.whl", hash = "sha256:281526e865ed4166009e235afadf3a4c4cba6056f99336a99efba65336fd5485"},
    {file = "cryptography-46.0.4-cp311-abi3-manylinux2014_aarch64.manylinux_2_17_aarch64.whl", hash = "sha256:5f14fba5bf6f4390d7ff8f086c566454bff0411f6d8aa7af79c88b6f9267aecc"},
    {file = "cryptography-46.0.4-cp311-abi3-manylinux2014_x86_64.manylinux_2_17_x86_64.whl", hash = "sha256:47bcd19517e6389132f76e2d5303ded6cf3f78903da2158a671be8de024f4cd0"},
    {file = "cryptography-46.0.4-cp311-abi3-manylinux_2_28_aarch64.whl", hash = "sha256:01df4f50f314fbe7009f54046e908d1754f19d0c6d3070df1e6268c5a4af09fa"},
    {file = "cryptography-46.0.4-cp311-abi3-manylinux_2_28_ppc64le.whl", hash = "sha256:5aa3e463596b0087b3da0dbe2b2487e9fc261d25da85754e30e3b40637d61f81"},
    {file = "cryptography-46.0.4-cp311-abi3-manylinux_2_28_x86_64.whl", hash = "sha256:0a9ad24359fee86f131836a9ac3bffc9329e956624a2d379b613f8f8abaf5255"},
    {file = "cryptography-46.0.4-cp311-abi3-manylinux_2_31_armv7l.whl", hash = "sha256:dc1272e25ef673efe72f2096e92ae39dea1a1a450dd44918b15351f72c5a168e"},
    {file = "cryptography-46.0.4-cp311-abi3-manylinux_2_34_aarch64.whl", hash = "sha256:de0f5f4ec8711ebc555f54735d4c673fc34b65c44283895f1a08c2b49d2fd99c"},
    {file = "cryptography-46.0.4-cp311-abi3-manylinux_2_34_ppc64le.whl", hash = "sha256:eeeb2e33d8dbcccc34d64651f00a98cb41b2dc69cef866771a5717e6734dfa32"},
    {file = "cryptography-46.0.4-cp311-abi3-manylinux_2_34_x86_64.whl", hash = "sha256:3d425eacbc9aceafd2cb429e42f4e5d5633c6f873f5e567077043ef1b9bbf616"},
    {file = "cryptography-46.0.4-cp311-abi3-musllinux_1_2_aarch64.whl", hash = "sha256:91627ebf691d1ea3976a031b61fb7bac1ccd745afa03602275dda443e11c8de0"},
    {file = "cryptography-46.0.4-cp311-abi3-musllinux_1_2_x86_64.whl", hash = "sha256:2d08bc22efd73e8854b0b7caff402d735b354862f1145d7be3b9c0f740fef6a0"},
    {file = "cryptography-46.0.4-cp311-abi3-win32.whl", hash = "sha256:82a62483daf20b8134f6e92898da70d04d0ef9a75829d732ea1018678185f4f5"},
    {file = "cryptography-46.0.4-cp311-abi3-win_amd64.whl", hash = "sha256:6225d3ebe26a55dbc8ead5ad1265c0403552a63336499564675b29eb3184c09b"},
    {file = "cryptography-46.0.4-cp314-cp314t-macosx_10_9_universal2.whl", hash = "sha256:485e2b65d25ec0d901bca7bcae0f53b00133bf3173916d8e421f6fddde103908"},
    {file = "cryptography-46.0.4-cp314-cp314t-manylinux2014_aarch64.manylinux_2_17_aarch64.whl", hash = "sha256:078e5f06bd2fa5aea5a324f2a09f914b1484f1d0c2a4d6a8a28c74e72f65f2da"},
    {file = "cryptography-46.0.4-cp314-cp314t-manylinux2014_x86_64.manylinux_2_17_x86_64.whl", hash = "sha256:dce1e4f068f03008da7fa51cc7abc6ddc5e5de3e3d1550334eaf8393982a5829"},
    {file = "cryptography-46.0.4-cp314-cp314t-manylinux_2_28_aarch64.whl", hash = "sha256:2067461c80271f422ee7bdbe79b9b4be54a5162e90345f86a23445a0cf3fd8a2"},
    {file = "cryptography-46.0.4-cp314-cp314t-manylinux_2_28_ppc64le.whl", hash = "sha256:c92010b58a51196a5f41c3795190203ac52edfd5dc3ff99149b4659eba9d2085"},
    {file = "cryptography-46.0.4-cp314-cp314t-manylinux_2_28_x86_64.whl", hash = "sha256:829c2b12bbc5428ab02d6b7f7e9bbfd53e33efd6672d21341f2177470171ad8b"},
    {file = "cryptography-46.0.4-cp314-cp314t-manylinux_2_31_armv7l.whl", hash = "sha256:62217ba44bf81b30abaeda1488686a04a702a261e26f87db51ff61d9d3510abd"},
    {file = "cryptography-46.0.4-cp314-cp314t-manylinux_2_34_aarch64.whl", hash = "sha256:9c2da296c8d3415b93e6053f5a728649a87a48ce084a9aaf51d6e46c87c7f2d2"},
    {file = "cryptography-46.0.4-cp314-cp314t-manylinux_2_34_ppc64le.whl", hash = "sha256:9b34d8ba84454641a6bf4d6762d15847ecbd85c1316c0a7984e6e4e9f748ec2e"},
    {file = "cryptography-46.0.4-cp314-cp314t-manylinux_2_34_x86_64.whl", hash = "sha256:df4a817fa7138dd0c96c8c8c20f04b8aaa1fac3bbf610913dcad8ea82e1bfd3f"},
    {file = "cryptography-46.0.4-cp314-cp314t-musllinux_1_2_aarch64.whl", hash = "sha256:b1de0ebf7587f28f9190b9cb526e901bf448c9e6a99655d2b07fff60e8212a82"},
    {file = "cryptography-46.0.4-cp314-cp314t-musllinux_1_2_x86_64.whl", hash = "sha256:9b4d17bc7bd7cdd98e3af40b441feaea4c68225e2eb2341026c84511ad246c0c"},
    {file = "cryptography-46.0.4-cp314-cp314t-win32.whl", hash = "sha256:c411f16275b0dea722d76544a61d6421e2cc829ad76eec79280dbdc9ddf50061"},
    {file = "cryptography-46.0.4-cp314-cp314t-win_amd64.whl", hash = "sha256:728fedc529efc1439eb6107b677f7f7558adab4553ef8669f0d02d42d7b959a7"},
    {file = "cryptography-46.0.4-cp38-abi3-macosx_10_9_universal2.whl", hash = "sha256:a9556ba711f7c23f77b151d5798f3ac44a13455cc68db7697a1096e6d0563cab"},
    {file = "cryptography-46.0.4-cp38-abi3-manylinux2014_aarch64.manylinux_2_17_aarch64.whl", hash = "sha256:8bf75b0259e87fa70bddc0b8b4078b76e7fd512fd9afae6c1193bcf440a4dbef"},
    {file = "cryptography-46.0.4-cp38-abi3-manylinux2014_x86_64.manylinux_2_17_x86_64.whl", hash = "sha256:3c268a3490df22270955966ba236d6bc4a8f9b6e4ffddb78aac535f1a5ea471d"},
    {file = "cryptography-46.0.4-cp38-abi3-manylinux_2_28_aarch64.whl", hash = "sha256:812815182f6a0c1d49a37893a303b44eaac827d7f0d582cecfc81b6427f22973"},
    {file = "cryptography-46.0.4-cp38-abi3-manylinux_2_28_ppc64le.whl", hash = "sha256:a90e43e3ef65e6dcf969dfe3bb40cbf5aef0d523dff95bfa24256be172a845f4"},
    {file = "cryptography-46.0.4-cp38-abi3-manylinux_2_28_x86_64.whl", hash = "sha256:a05177ff6296644ef2876fce50518dffb5bcdf903c85250974fc8bc85d54c0af"},
    {file = "cryptography-46.0.4-cp38-abi3-manylinux_2_31_armv7l.whl", hash = "sha256:daa392191f626d50f1b136c9b4cf08af69ca8279d110ea24f5c2700054d2e263"},
    {file = "cryptography-46.0.4-cp38-abi3-manylinux_2_34_aarch64.whl", hash = "sha256:e07ea39c5b048e085f15923511d8121e4a9dc45cee4e3b970ca4f0d338f23095"},
    {file = "cryptography-46.0.4-cp38-abi3-manylinux_2_34_ppc64le.whl", hash = "sha256:d5a45ddc256f492ce42a4e35879c5e5528c09cd9ad12420828c972951d8e016b"},
    {file = "cryptography-46.0.4-cp38-abi3-manylinux_2_34_x86_64.whl", hash = "sha256:6bb5157bf6a350e5b28aee23beb2d84ae6f5be390b2f8ee7ea179cda077e1019"},
    {file = "cryptography-46.0.4-cp38-abi3-musllinux_1_2_aarch64.whl", hash = "sha256:dd5aba870a2c40f87a3af043e0dee7d9eb02d4aff88a797b48f2b43eff8c3ab4"},
    {file = "cryptography-46.0.4-cp38-abi3-musllinux_1_2_x86_64.whl", hash = "sha256:93d8291da8d71024379ab2cb0b5c57915300155ad42e07f76bea6ad838d7e59b"},
    {file = "cryptography-46.0.4-cp38-abi3-win32.whl", hash = "sha256:0563655cb3c6d05fb2afe693340bc050c30f9f34e15763361cf08e94749401fc"},
    {file = "cryptography-46.0.4-cp38-abi3-win_amd64.whl", hash = "sha256:fa0900b9ef9c49728887d1576fd8d9e7e3ea872fa9b25ef9b64888adc434e976"},
    {file = "cryptography-46.0.4-pp311-pypy311_pp73-macosx_11_0_arm64.whl", hash = "sha256:766330cce7416c92b5e90c3bb71b1b79521760cdcfc3a6a1a182d4c9fab23d2b"},
    {file = "cryptography-46.0.4-pp311-pypy311_pp73-manylinux_2_28_aarch64.whl", hash = "sha256:c236a44acfb610e70f6b3e1c3ca20ff24459659231ef2f8c48e879e2d32b73da"},
    {file = "cryptography-46.0.4-pp311-pypy311_pp73-manylinux_2_28_x86_64.whl", hash = "sha256:8a15fb869670efa8f83cbffbc8753c1abf236883225aed74cd179b720ac9ec80"},
    {file = "cryptography-46.0.4-pp311-pypy311_pp73-manylinux_2_34_aarch64.whl", hash = "sha256:fdc3daab53b212472f1524d070735b2f0c214239df131903bae1d598016fa822"},
    {file = "cryptography-46.0.4-pp311-pypy311_pp73-manylinux_2_34_x86_64.whl", hash = "sha256:44cc0675b27cadb71bdbb96099cca1fa051cd11d2ade09e5cd3a2edb929ed947"},
    {file = "cryptography-46.0.4-pp311-pypy311_pp73-win_amd64.whl", hash = "sha256:be8c01a7d5a55f9a47d1888162b76c8f49d62b234d88f0ff91a9fbebe32ffbc3"},
    {file = "cryptography-46.0.4.tar.gz", hash = "sha256:bfd019f60f8abc2ed1b9be4ddc21cfef059c841d86d710bb69909a688cbb8f59"},
]

[[package]]
name = "django"
version = "6.0rc1"
description = "A high-level Python web framework that encourages rapid development and clean, pragmatic design."
category = "main"
optional = false
python-versions = ">=3.12"

[package.dependencies]
asgiref = ">=3.9.1"
sqlparse = ">=0.5.0"
tzdata = "*"
argon2-cffi = ">=23.1.0"
bcrypt = ">=4.1.1"

[package.files]
django = [
    {file = "django-6.0rc1-py3-none-any.whl", hash = "sha256:d37fc9cf38a30a20634ca7bc18580cb86351b01e51eda4e06dc66ab9ffe2e7d8"},
    {file = "django-6.0rc1.tar.gz", hash = "sha256:28d47cddbb7ef9c39ad7441c72e6c2d47a487397780ae9e75a4774fe20ac1a7d"},
]

[[package]]
name = "flask"
version = "3.1.2"
description = "A simple framework for building complex web applications."
category = "main"
optional = false
python-versions = ">=3.9"

[package.dependencies]
blinker = ">=1.9.0"
click = ">=8.1.3"
importlib-metadata = ">=3.6.0"
itsdangerous = ">=2.2.0"
jinja2 = ">=3.1.2"
markupsafe = ">=2.1.1"
werkzeug = ">=3.1.0"
asgiref = ">=3.2"
python-dotenv = "*"

[package.files]
flask = [
    {file = "flask-3.1.2-py3-none-any.whl", hash = "sha256:ca1d8112ec8a6158cc29ea4858963350011b5c846a414cdb7a954aa9e967d03c"},
    {file = "flask-3.1.2.tar.gz", hash = "sha256:bf656c15c80190ed628ad08cdfd3aaa35beb087855e2f494910aa3774cc4fd87"},
]

[[package]]
name = "idna"
version = "3.9"
description = "Internationalized Domain Names in Applications (IDNA)"
category = "main"
optional = false
python-versions = ">=3.8"

[package.dependencies]
ruff = ">=0.6.2"
mypy = ">=1.11.2"
pytest = ">=8.3.2"
flake8 = ">=7.1.1"

[package.files]
idna = [
    {file = "idna-3.9-py3-none-any.whl", hash = "sha256:69297d5da0cc9281c77efffb4e730254dd45943f45bbfb461de5991713989b1e"},
    {file = "idna-3.9.tar.gz", hash = "sha256:e5c5dafde284f26e9e0f28f6ea2d6400abd5ca099864a67f576f3981c6476124"},
]

[[package]]
name = "jinja2"
version = "3.1.6"
description = "A very fast and expressive template engine."
category = "main"
optional = false
python-versions = ">=3.7"

[package.dependencies]
MarkupSafe = ">=2.0"
Babel = ">=2.7"

[package.files]
jinja2 = [
    {file = "jinja2-3.1.6-py3-none-any.whl", hash = "sha256:85ece4451f492d0c13c5dd7c13a64681a86afae63a5f347908daf103ce6d2f67"},
    {file = "jinja2-3.1.6.tar.gz", hash = "sha256:0137fb05990d35f1275a587e9aee6d56da821fc83491a0fb838183be43f66d6d"},
]

[[package]]
name = "pillow"
version = "9.5.0"
description = "Python Imaging Library (fork)"
category = "main"
optional = false
python-versions = ">=3.10"

[package.dependencies]
furo = "*"
olefile = "*"
sphinx = ">=8.2"
sphinx-autobuild = "*"
sphinx-copybutton = "*"
sphinx-inline-tabs = "*"
sphinxext-opengraph = "*"
arro3-compute = "*"
arro3-core = "*"
nanoarrow = "*"
pyarrow = "*"
check-manifest = "*"
coverage = ">=7.4.2"
defusedxml = "*"
markdown2 = "*"
packaging = "*"
pyroma = ">=5"
pytest = "*"
pytest-cov = "*"
pytest-timeout = "*"
pytest-xdist = "*"
trove-classifiers = ">=2024.10.12"

[package.files]
pillow = [
    {file = "Pillow-9.5.0-cp310-cp310-macosx_10_10_x86_64.whl", hash = "sha256:ace6ca218308447b9077c14ea4ef381ba0b67ee78d64046b3f19cf4e1139ad16"},
    {file = "Pillow-9.5.0-cp310-cp310-macosx_11_0_arm64.whl", hash = "sha256:d3d403753c9d5adc04d4694d35cf0391f0f3d57c8e0030aac09d7678fa8030aa"},
    {file = "Pillow-9.5.0-cp310-cp310-manylinux_2_17_aarch64.manylinux2014_aarch64.whl", hash = "sha256:5ba1b81ee69573fe7124881762bb4cd2e4b6ed9dd28c9c60a632902fe8db8b38"},
    {file = "Pillow-9.5.0-cp310-cp310-manylinux_2_17_i686.manylinux2014_i686.whl", hash = "sha256:fe7e1c262d3392afcf5071df9afa574544f28eac825284596ac6db56e6d11062"},
    {file = "Pillow-9.5.0-cp310-cp310-manylinux_2_17_x86_64.manylinux2014_x86_64.whl", hash = "sha256:8f36397bf3f7d7c6a3abdea815ecf6fd14e7fcd4418ab24bae01008d8d8ca15e"},
    {file = "Pillow-9.5.0-cp310-cp310-manylinux_2_28_aarch64.whl", hash = "sha256:252a03f1bdddce077eff2354c3861bf437c892fb1832f75ce813ee94347aa9b5"},
    {file = "Pillow-9.5.0-cp310-cp310-manylinux_2_28_x86_64.whl", hash = "sha256:85ec677246533e27770b0de5cf0f9d6e4ec0c212a1f89dfc941b64b21226009d"},
    {file = "Pillow-9.5.0-cp310-cp310-musllinux_1_1_aarch64.whl", hash = "sha256:b416f03d37d27290cb93597335a2f85ed446731200705b22bb927405320de903"},
    {file = "Pillow-9.5.0-cp310-cp310-musllinux_1_1_x86_64.whl", hash = "sha256:1781a624c229cb35a2ac31cc4a77e28cafc8900733a864870c49bfeedacd106a"},
    {file = "Pillow-9.5.0-cp310-cp310-win32.whl", hash = "sha256:8507eda3cd0608a1f94f58c64817e83ec12fa93a9436938b191b80d9e4c0fc44"},
    {file = "Pillow-9.5.0-cp310-cp310-win_amd64.whl", hash = "sha256:d3c6b54e304c60c4181da1c9dadf83e4a54fd266a99c70ba646a9baa626819eb"},
    {file = "Pillow-9.5.0-cp311-cp311-macosx_10_10_x86_64.whl", hash = "sha256:7ec6f6ce99dab90b52da21cf0dc519e21095e332ff3b399a357c187b1a5eee32"},
    {file = "Pillow-9.5.0-cp311-cp311-macosx_11_0_arm64.whl", hash = "sha256:560737e70cb9c6255d6dcba3de6578a9e2ec4b573659943a5e7e4af13f298f5c"},
    {file = "Pillow-9.5.0-cp311-cp311-manylinux_2_17_aarch64.manylinux2014_aarch64.whl", hash = "sha256:96e88745a55b88a7c64fa49bceff363a1a27d9a64e04019c2281049444a571e3"},
    {file = "Pillow-9.5.0-cp311-cp311-manylinux_2_17_i686.manylinux2014_i686.whl", hash = "sha256:d9c206c29b46cfd343ea7cdfe1232443072bbb270d6a46f59c259460db76779a"},
    {file = "Pillow-9.5.0-cp311-cp311-manylinux_2_17_x86_64.manylinux2014_x86_64.whl", hash = "sha256:cfcc2c53c06f2ccb8976fb5c71d448bdd0a07d26d8e07e321c103416444c7ad1"},
    {file = "Pillow-9.5.0-cp311-cp311-manylinux_2_28_aarch64.whl", hash = "sha256:a0f9bb6c80e6efcde93ffc51256d5cfb2155ff8f78292f074f60f9e70b942d99"},
    {file = "Pillow-9.5.0-cp311-cp311-manylinux_2_28_x86_64.whl", hash = "sha256:8d935f924bbab8f0a9a28404422da8af4904e36d5c33fc6f677e4c4485515625"},
    {file = "Pillow-9.5.0-cp311-cp311-musllinux_1_1_aarch64.whl", hash = "sha256:fed1e1cf6a42577953abbe8e6cf2fe2f566daebde7c34724ec8803c4c0cda579"},
    {file = "Pillow-9.5.0-cp311-cp311-musllinux_1_1_x86_64.whl", hash = "sha256:c1170d6b195555644f0616fd6ed929dfcf6333b8675fcca044ae5ab110ded296"},
    {file = "Pillow-9.5.0-cp311-cp311-win32.whl", hash = "sha256:54f7102ad31a3de5666827526e248c3530b3a33539dbda27c6843d19d72644ec"},
    {file = "Pillow-9.5.0-cp311-cp311-win_amd64.whl", hash = "sha256:cfa4561277f677ecf651e2b22dc43e8f5368b74a25a8f7d1d4a3a243e573f2d4"},
    {file = "Pillow-9.5.0-cp311-cp311-win_arm64.whl", hash = "sha256:965e4a05ef364e7b973dd17fc765f42233415974d773e82144c9bbaaaea5d089"},
    {file = "Pillow-9.5.0-cp312-cp312-win32.whl", hash = "sha256:22baf0c3cf0c7f26e82d6e1adf118027afb325e703922c8dfc1d5d0156bb2eeb"},
    {file = "Pillow-9.5.0-cp312-cp312-win_amd64.whl", hash = "sha256:432b975c009cf649420615388561c0ce7cc31ce9b2e374db659ee4f7d57a1f8b"},
    {file = "Pillow-9.5.0-cp37-cp37m-macosx_10_10_x86_64.whl", hash = "sha256:5d4ebf8e1db4441a55c509c4baa7a0587a0210f7cd25fcfe74dbbce7a4bd1906"},
    {file = "Pillow-9.5.0-cp37-cp37m-manylinux_2_17_aarch64.manylinux2014_aarch64.whl", hash = "sha256:375f6e5ee9620a271acb6820b3d1e94ffa8e741c0601db4c0c4d3cb0a9c224bf"},
    {file = "Pillow-9.5.0-cp37-cp37m-manylinux_2_17_i686.manylinux2014_i686.whl", hash = "sha256:99eb6cafb6ba90e436684e08dad8be1637efb71c4f2180ee6b8f940739406e78"},
    {file = "Pillow-9.5.0-cp37-cp37m-manylinux_2_17_x86_64.manylinux2014_x86_64.whl", hash = "sha256:2dfaaf10b6172697b9bceb9a3bd7b951819d1ca339a5ef294d1f1ac6d7f63270"},
    {file = "Pillow-9.5.0-cp37-cp37m-manylinux_2_28_aarch64.whl", hash = "sha256:763782b2e03e45e2c77d7779875f4432e25121ef002a41829d8868700d119392"},
    {file = "Pillow-9.5.0-cp37-cp37m-manylinux_2_28_x86_64.whl", hash = "sha256:35f6e77122a0c0762268216315bf239cf52b88865bba522999dc38f1c52b9b47"},
    {file = "Pillow-9.5.0-cp37-cp37m-win32.whl", hash = "sha256:aca1c196f407ec7cf04dcbb15d19a43c507a81f7ffc45b690899d6a76ac9fda7"},
    {file = "Pillow-9.5.0-cp37-cp37m-win_amd64.whl", hash = "sha256:322724c0032af6692456cd6ed554bb85f8149214d97398bb80613b04e33769f6"},
    {file = "Pillow-9.5.0-cp38-cp38-macosx_10_10_x86_64.whl", hash = "sha256:a0aa9417994d91301056f3d0038af1199eb7adc86e646a36b9e050b06f526597"},
    {file = "Pillow-9.5.0-cp38-cp38-macosx_11_0_arm64.whl", hash = "sha256:f8286396b351785801a976b1e85ea88e937712ee2c3ac653710a4a57a8da5d9c"},
    {file = "Pillow-9.5.0-cp38-cp38-manylinux_2_17_aarch64.manylinux2014_aarch64.whl", hash = "sha256:c830a02caeb789633863b466b9de10c015bded434deb3ec87c768e53752ad22a"},
    {file = "Pillow-9.5.0-cp38-cp38-manylinux_2_17_i686.manylinux2014_i686.whl", hash = "sha256:fbd359831c1657d69bb81f0db962905ee05e5e9451913b18b831febfe0519082"},
    {file = "Pillow-9.5.0-cp38-cp38-manylinux_2_17_x86_64.manylinux2014_x86_64.whl", hash = "sha256:f8fc330c3370a81bbf3f88557097d1ea26cd8b019d6433aa59f71195f5ddebbf"},
    {file = "Pillow-9.5.0-cp38-cp38-manylinux_2_28_aarch64.whl", hash = "sha256:7002d0797a3e4193c7cdee3198d7c14f92c0836d6b4a3f3046a64bd1ce8df2bf"},
    {file = "Pillow-9.5.0-cp38-cp38-manylinux_2_28_x86_64.whl", hash = "sha256:229e2c79c00e85989a34b5981a2b67aa079fd08c903f0aaead522a1d68d79e51"},
    {file = "Pillow-9.5.0-cp38-cp38-musllinux_1_1_aarch64.whl", hash = "sha256:9adf58f5d64e474bed00d69bcd86ec4bcaa4123bfa70a65ce72e424bfb88ed96"},
    {file = "Pillow-9.5.0-cp38-cp38-musllinux_1_1_x86_64.whl", hash = "sha256:662da1f3f89a302cc22faa9f14a262c2e3951f9dbc9617609a47521c69dd9f8f"},
    {file = "Pillow-9.5.0-cp38-cp38-win32.whl", hash = "sha256:6608ff3bf781eee0cd14d0901a2b9cc3d3834516532e3bd673a0a204dc8615fc"},
    {file = "Pillow-9.5.0-cp38-cp38-win_amd64.whl", hash = "sha256:e49eb4e95ff6fd7c0c402508894b1ef0e01b99a44320ba7d8ecbabefddcc5569"},
    {file = "Pillow-9.5.0-cp39-cp39-macosx_10_10_x86_64.whl", hash = "sha256:482877592e927fd263028c105b36272398e3e1be3269efda09f6ba21fd83ec66"},
    {file = "Pillow-9.5.0-cp39-cp39-macosx_11_0_arm64.whl", hash = "sha256:3ded42b9ad70e5f1754fb7c2e2d6465a9c842e41d178f262e08b8c85ed8a1d8e"},
    {file = "Pillow-9.5.0-cp39-cp39-manylinux_2_17_aarch64.manylinux2014_aarch64.whl", hash = "sha256:c446d2245ba29820d405315083d55299a796695d747efceb5717a8b450324115"},
    {file = "Pillow-9.5.0-cp39-cp39-manylinux_2_17_i686.manylinux2014_i686.whl", hash = "sha256:8aca1152d93dcc27dc55395604dcfc55bed5f25ef4c98716a928bacba90d33a3"},
    {file = "Pillow-9.5.0-cp39-cp39-manylinux_2_17_x86_64.manylinux2014_x86_64.whl", hash = "sha256:608488bdcbdb4ba7837461442b90ea6f3079397ddc968c31265c1e056964f1ef"},
    {file = "Pillow-9.5.0-cp39-cp39-manylinux_2_28_aarch64.whl", hash = "sha256:60037a8db8750e474af7ffc9faa9b5859e6c6d0a50e55c45576bf28be7419705"},
    {file = "Pillow-9.5.0-cp39-cp39-manylinux_2_28_x86_64.whl", hash = "sha256:07999f5834bdc404c442146942a2ecadd1cb6292f5229f4ed3b31e0a108746b1"},
    {file = "Pillow-9.5.0-cp39-cp39-musllinux_1_1_aarch64.whl", hash = "sha256:a127ae76092974abfbfa38ca2d12cbeddcdeac0fb71f9627cc1135bedaf9d51a"},
    {file = "Pillow-9.5.0-cp39-cp39-musllinux_1_1_x86_64.whl", hash = "sha256:489f8389261e5ed43ac8ff7b453162af39c3e8abd730af8363587ba64bb2e865"},
    {file = "Pillow-9.5.0-cp39-cp39-win32.whl", hash = "sha256:9b1af95c3a967bf1da94f253e56b6286b50af23392a886720f563c547e48e964"},
    {file = "Pillow-9.5.0-cp39-cp39-win_amd64.whl", hash = "sha256:77165c4a5e7d5a284f10a6efaa39a0ae8ba839da344f20b111d62cc932fa4e5d"},
    {file = "Pillow-9.5.0-pp38-pypy38_pp73-macosx_10_10_x86_64.whl", hash = "sha256:833b86a98e0ede388fa29363159c9b1a294b0905b5128baf01db683672f230f5"},
    {file = "Pillow-9.5.0-pp38-pypy38_pp73-manylinux_2_17_i686.manylinux2014_i686.whl", hash = "sha256:aaf305d6d40bd9632198c766fb64f0c1a83ca5b667f16c1e79e1661ab5060140"},
    {file = "Pillow-9.5.0-pp38-pypy38_pp73-manylinux_2_17_x86_64.manylinux2014_x86_64.whl", hash = "sha256:0852ddb76d85f127c135b6dd1f0bb88dbb9ee990d2cd9aa9e28526c93e794fba"},
    {file = "Pillow-9.5.0-pp38-pypy38_pp73-manylinux_2_28_x86_64.whl", hash = "sha256:91ec6fe47b5eb5a9968c79ad9ed78c342b1f97a091677ba0e012701add857829"},
    {file = "Pillow-9.5.0-pp38-pypy38_pp73-win_amd64.whl", hash = "sha256:cb841572862f629b99725ebaec3287fc6d275be9b14443ea746c1dd325053cbd"},
    {file = "Pillow-9.5.0-pp39-pypy39_pp73-macosx_10_10_x86_64.whl", hash = "sha256:c380b27d041209b849ed246b111b7c166ba36d7933ec6e41175fd15ab9eb1572"},
    {file = "Pillow-9.5.0-pp39-pypy39_pp73-manylinux_2_17_i686.manylinux2014_i686.whl", hash = "sha256:7c9af5a3b406a50e313467e3565fc99929717f780164fe6fbb7704edba0cebbe"},
    {file = "Pillow-9.5.0-pp39-pypy39_pp73-manylinux_2_17_x86_64.manylinux2014_x86_64.whl", hash = "sha256:5671583eab84af046a397d6d0ba25343c00cd50bce03787948e0fff01d4fd9b1"},
    {file = "Pillow-9.5.0-pp39-pypy39_pp73-manylinux_2_28_x86_64.whl", hash = "sha256:84a6f19ce086c1bf894644b43cd129702f781ba5751ca8572f08aa40ef0ab7b7"},
    {file = "Pillow-9.5.0-pp39-pypy39_pp73-win_amd64.whl", hash = "sha256:1e7723bd90ef94eda669a3c2c19d549874dd5badaeefabefd26053304abe5799"},
    {file = "Pillow-9.5.0.tar.gz", hash = "sha256:bf548479d336726d7a0eceb6e767e179fbde37833ae42794602631a070d630f1"},
]

[[package]]
name = "pyyaml"
version = "6.0b1"
description = "YAML parser and emitter for Python"
category = "main"
optional = false
python-versions = ">=3.8"

[package.files]
pyyaml = [
    {file = "PyYAML-6.0b1-cp310-cp310-macosx_10_9_x86_64.whl", hash = "sha256:77627ca1909b1c9efdd42d7c7f680b22e620ffda5f64b01ba282bd5a59a5d108"},
    {file = "PyYAML-6.0b1-cp310-cp310-macosx_11_0_arm64.whl", hash = "sha256:acd3d75d7ce71850f9d3972f68baca1133a8cd27e6153d64d00be8504a491c8c"},
    {file = "PyYAML-6.0b1-cp310-cp310-manylinux_2_17_aarch64.manylinux2014_aarch64.whl", hash = "sha256:69b8e0559a01ef14b5d76882c2b49f643ab6d5b953ec5e5590411d2bdb707f4a"},
    {file = "PyYAML-6.0b1-cp310-cp310-manylinux_2_17_s390x.manylinux2014_s390x.whl", hash = "sha256:11dae7bfe84016061d528c355bbe0faa0775f077f21831b1fbaa7997b266ca99"},
    {file = "PyYAML-6.0b1-cp310-cp310-manylinux_2_5_x86_64.manylinux1_x86_64.manylinux_2_12_x86_64.manylinux2010_x86_64.whl", hash = "sha256:a978f8308deff49581479be11e7455af9b3d368dd3c3cb5c22b32c691b12b172"},
    {file = "PyYAML-6.0b1-cp310-cp310-win32.whl", hash = "sha256:0044ec607d28033fc79d9900748eafdd62e9a79d3882858e8c0c001f30e9c79a"},
    {file = "PyYAML-6.0b1-cp310-cp310-win_amd64.whl", hash = "sha256:b811ca77229f55eab2d9b3c6abc6d44c9be3f04461f04ab87f523d778c55c782"},
    {file = "PyYAML-6.0b1-cp36-cp36m-macosx_10_9_x86_64.whl", hash = "sha256:0b2167570ea8e96a2710efaae860d71cc3f80e35fe07a915093c596170f024bf"},
    {file = "PyYAML-6.0b1-cp36-cp36m-manylinux_2_17_aarch64.manylinux2014_aarch64.whl", hash = "sha256:26fdf07f0d7442fe4cc637aadeb08e9e6dc853f9a4d99a3d813bd23dc6e1cc52"},
    {file = "PyYAML-6.0b1-cp36-cp36m-manylinux_2_17_s390x.manylinux2014_s390x.whl", hash = "sha256:e47100ec1e464ff8a43e4c96758fd9cd66d202986d93de0f2962c1a7cb851391"},
    {file = "PyYAML-6.0b1-cp36-cp36m-manylinux_2_5_x86_64.manylinux1_x86_64.manylinux_2_12_x86_64.manylinux2010_x86_64.whl", hash = "sha256:267bf63c911ab6302341e37329f049ddfcab4aea26c8895da1e6a5bcdf1bcc37"},
    {file = "PyYAML-6.0b1-cp36-cp36m-win32.whl", hash = "sha256:171533a79a71520ccdf08136012ea0c8fe7f152cda69168dc38ea34da67c9f80"},
    {file = "PyYAML-6.0b1-cp36-cp36m-win_amd64.whl", hash = "sha256:ebf35bb455f33c1ff3a61031a68f930bd69e88ee3a0882d3d5e677b823785d1e"},
    {file = "PyYAML-6.0b1-cp37-cp37m-macosx_10_9_x86_64.whl", hash = "sha256:e35aff01f870f898f4e4b5360a3f18c98f9c47edab1c2d6bdfa5c876bf74ab73"},
    {file = "PyYAML-6.0b1-cp37-cp37m-manylinux_2_17_aarch64.manylinux2014_aarch64.whl", hash = "sha256:e628d48defb4a7eacb2087d42f9a7576324279c9b769625941ba39d78c441e29"},
    {file = "PyYAML-6.0b1-cp37-cp37m-manylinux_2_17_s390x.manylinux2014_s390x.whl", hash = "sha256:1114a62d443cb157ac36beb79fc323d830f4a0586ffd1da8319d72fbf4514d6c"},
    {file = "PyYAML-6.0b1-cp37-cp37m-manylinux_2_5_x86_64.manylinux1_x86_64.manylinux_2_12_x86_64.manylinux2010_x86_64.whl", hash = "sha256:2ea9326fba939d5e87a1890c27a7aaf5a75e49cfe2c1696bc4fbb25305ca2767"},
    {file = "PyYAML-6.0b1-cp37-cp37m-win32.whl", hash = "sha256:437e3796f5dd7f2ad8f70084f7fe82472b11483aa1c53c073ab430974bdf1b6d"},
    {file = "PyYAML-6.0b1-cp37-cp37m-win_amd64.whl", hash = "sha256:33d6ec1e993c063d4fb4009f439a3d81773ca81cc4109f701eb7a4782d171495"},
    {file = "PyYAML-6.0b1-cp38-cp38-macosx_10_9_x86_64.whl", hash = "sha256:839f695fedfb65dbca690ce57907e076d355ee7c34b857c13926e251d1381ce7"},
    {file = "PyYAML-6.0b1-cp38-cp38-manylinux_2_17_aarch64.manylinux2014_aarch64.whl", hash = "sha256:4983bee1be18c3faed20c8eead1c543c1356a2b468984c1385b523e23d3ab0ed"},
    {file = "PyYAML-6.0b1-cp38-cp38-manylinux_2_17_s390x.manylinux2014_s390x.whl", hash = "sha256:1fffde5b126e4433829530b621a209c07a4c2a808b03e5b808419745b3509c79"},
    {file = "PyYAML-6.0b1-cp38-cp38-manylinux_2_5_x86_64.manylinux1_x86_64.manylinux_2_12_x86_64.manylinux2010_x86_64.whl", hash = "sha256:da51ac8b4d42f9197cad065d6c3e2815eb768eac1d7fc0f9c343db280b1b9edc"},
    {file = "PyYAML-6.0b1-cp38-cp38-win32.whl", hash = "sha256:68877239810a357a100157233314784ab332ee33bc978de030d0135553db69e2"},
    {file = "PyYAML-6.0b1-cp38-cp38-win_amd64.whl", hash = "sha256:09317957e01b6b4da6f9ea96f9e661225662212acee57fcb201775a82196523e"},
    {file = "PyYAML-6.0b1-cp39-cp39-macosx_10_9_x86_64.whl", hash = "sha256:dfeba8c78b9db00667b94cddb1db6559e068cb7f469e681a4e9aa74dc3e86b24"},
    {file = "PyYAML-6.0b1-cp39-cp39-macosx_11_0_arm64.whl", hash = "sha256:639787884913ee65a617fd826abb6d8b0c4896d533d0caae05b031d7b4089faf"},
    {file = "PyYAML-6.0b1-cp39-cp39-manylinux_2_17_aarch64.manylinux2014_aarch64.whl", hash = "sha256:9175c938a11a371421e2221faf1ae9d32e86462953917854d70afd2048bb7495"},
    {file = "PyYAML-6.0b1-cp39-cp39-manylinux_2_17_s390x.manylinux2014_s390x.whl", hash = "sha256:499b0b45b68671df4b47b185a5a664d6e3871c93956c6f70bf04de5344c6ef02"},
    {file = "PyYAML-6.0b1-cp39-cp39-manylinux_2_5_x86_64.manylinux1_x86_64.manylinux_2_12_x86_64.manylinux2010_x86_64.whl", hash = "sha256:0495b956bd45025c5d13ae8af0ea238923e88f2d98efd7484ec99dac46291d22"},
    {file = "PyYAML-6.0b1-cp39-cp39-win32.whl", hash = "sha256:56e213cbb463f43f354a9d0a455b68128599df9a8aed0f7ac8e7b7fbbc219bee"},
    {file = "PyYAML-6.0b1-cp39-cp39-win_amd64.whl", hash = "sha256:fb03b63e01fd848abb4219b2c2103a1962358c8f4db5150f7a5c1136d3e24d2e"},
    {file = "PyYAML-6.0b1.tar.gz", hash = "sha256:40f637ea3333c0969c3f4127393a5f908f40f7e85605f9e6f568cff2c66849ef"},
]

[[package]]
name = "requests"
version = "2.9.2"
description = "Python HTTP for Humans."
category = "main"
optional = false
python-versions = ">=3.9"

[package.dependencies]
charset_normalizer = "<4,>=2"
idna = "<4,>=2.5"
urllib3 = "<3,>=1.21.1"
certifi = ">=2017.4.17"
PySocks = "!=1.5.7,>=1.5.6"
chardet = "<6,>=3.0.2"

[package.files]
requests = [
    {file = "requests-2.9.2-py2.py3-none-any.whl", hash = "sha256:22a8c72dfc7fc18db1aca6784e97a638e9d09abe2cd387be473f88bd6dcba22f"},
    {file = "requests-2.9.2.tar.gz", hash = "sha256:d8be941a08cf36e4f424ac76073eb911e5e646a33fcb3402e1642c426bf34682"},
]

[[package]]
name = "urllib3"
version = "2.6.3"
description = "HTTP library with thread-safe connection pooling, file post, and more."
category = "main"
optional = false
python-versions = ">=3.9"

[package.dependencies]
brotli = ">=1.2.0"
brotlicffi = ">=1.2.0.0"
h2 = "<5,>=4"
pysocks = "!=1.5.7,<2.0,>=1.5.6"
backports-zstd = ">=1.0.0"

[package.files]
urllib3 = [
    {file = "urllib3-2.6.3-py3-none-any.whl", hash = "sha256:bf272323e553dfb2e87d9bfd225ca7b0f467b919d7bbd355436d3fd37cb0acd4"},
    {file = "urllib3-2.6.3.tar.gz", hash = "sha256:1b62b6884944a57dbe321509ab94fd4d3b307075e0c2eae991ac71ee15ad38ed"},
]

[[package]]
name = "pytest"
version = "9.0.2"
description = "pytest: simple powerful testing with Python"
category = "main"
optional = false
python-versions = ">=3.10"

[package.dependencies]
colorama = ">=0.4"
exceptiongroup = ">=1"
iniconfig = ">=1.0.1"
packaging = ">=22"
pluggy = "<2,>=1.5"
pygments = ">=2.7.2"
tomli = ">=1"
argcomplete = "*"
attrs = ">=19.2"
hypothesis = ">=3.56"
mock = "*"
requests = "*"
setuptools = "*"
xmlschema = "*"

[package.files]
pytest = [
    {file = "pytest-9.0.2-py3-none-any.whl", hash = "sha256:711ffd45bf766d5264d487b917733b453d917afd2b0ad65223959f59089f875b"},
    {file = "pytest-9.0.2.tar.gz", hash = "sha256:75186651a92bd89611d1d9fc20f0b4345fd827c41ccd5c299a868a05d70edf11"},
]

[metadata]
lock-version = "2.0"
python-versions = "^3.8"
content-hash = "placeholder"